
Microsoft Visual Studio Solution File, Format Version 12.00
# TcXaeShell Solution File, Format Version 11.00
VisualStudioVersion = 15.0.33403.129
MinimumVisualStudioVersion = 10.0.40219.1
Project("{B1E792BE-AA5F-4E3C-8C82-674BF9C0715B}") = "RoboConnect", "RoboConnect.tsproj", "{F2CB23B3-9252-44D5-8CB3-78A1CDACD6BF}"
EndProject
Global
	GlobalSection(SolutionConfigurationPlatforms) = preSolution
		Debug|TwinCAT CE7 (ARMV7) = Debug|TwinCAT CE7 (ARMV7)
		Debug|TwinCAT OS (ARMT2) = Debug|TwinCAT OS (ARMT2)
		Debug|TwinCAT RT (x64) = Debug|TwinCAT RT (x64)
		Debug|TwinCAT RT (x86) = Debug|TwinCAT RT (x86)
		Release|TwinCAT CE7 (ARMV7) = Release|TwinCAT CE7 (ARMV7)
		Release|TwinCAT OS (ARMT2) = Release|TwinCAT OS (ARMT2)
		Release|TwinCAT RT (x64) = Release|TwinCAT RT (x64)
		Release|TwinCAT RT (x86) = Release|TwinCAT RT (x86)
	EndGlobalSection
	GlobalSection(ProjectConfigurationPlatforms) = postSolution
		{F2CB23B3-9252-44D5-8CB3-78A1CDACD6BF}.Debug|TwinCAT CE7 (ARMV7).ActiveCfg = Debug|TwinCAT CE7 (ARMV7)
		{F2CB23B3-9252-44D5-8CB3-78A1CDACD6BF}.Debug|TwinCAT CE7 (ARMV7).Build.0 = Debug|TwinCAT CE7 (ARMV7)
		{F2CB23B3-9252-44D5-8CB3-78A1CDACD6BF}.Debug|TwinCAT OS (ARMT2).ActiveCfg = Debug|TwinCAT OS (ARMT2)
		{F2CB23B3-9252-44D5-8CB3-78A1CDACD6BF}.Debug|TwinCAT OS (ARMT2).Build.0 = Debug|TwinCAT OS (ARMT2)
		{F2CB23B3-9252-44D5-8CB3-78A1CDACD6BF}.Debug|TwinCAT RT (x64).ActiveCfg = Debug|TwinCAT RT (x64)
		{F2CB23B3-9252-44D5-8CB3-78A1CDACD6BF}.Debug|TwinCAT RT (x64).Build.0 = Debug|TwinCAT RT (x64)
		{F2CB23B3-9252-44D5-8CB3-78A1CDACD6BF}.Debug|TwinCAT RT (x86).ActiveCfg = Debug|TwinCAT RT (x86)
		{F2CB23B3-9252-44D5-8CB3-78A1CDACD6BF}.Debug|TwinCAT RT (x86).Build.0 = Debug|TwinCAT RT (x86)
		{F2CB23B3-9252-44D5-8CB3-78A1CDACD6BF}.Release|TwinCAT CE7 (ARMV7).ActiveCfg = Release|TwinCAT CE7 (ARMV7)
		{F2CB23B3-9252-44D5-8CB3-78A1CDACD6BF}.Release|TwinCAT CE7 (ARMV7).Build.0 = Release|TwinCAT CE7 (ARMV7)
		{F2CB23B3-9252-44D5-8CB3-78A1CDACD6BF}.Release|TwinCAT OS (ARMT2).ActiveCfg = Release|TwinCAT OS (ARMT2)
		{F2CB23B3-9252-44D5-8CB3-78A1CDACD6BF}.Release|TwinCAT OS (ARMT2).Build.0 = Release|TwinCAT OS (ARMT2)
		{F2CB23B3-9252-44D5-8CB3-78A1CDACD6BF}.Release|TwinCAT RT (x64).ActiveCfg = Release|TwinCAT RT (x64)
		{F2CB23B3-9252-44D5-8CB3-78A1CDACD6BF}.Release|TwinCAT RT (x64).Build.0 = Release|TwinCAT RT (x64)
		{F2CB23B3-9252-44D5-8CB3-78A1CDACD6BF}.Release|TwinCAT RT (x86).ActiveCfg = Release|TwinCAT RT (x86)
		{F2CB23B3-9252-44D5-8CB3-78A1CDACD6BF}.Release|TwinCAT RT (x86).Build.0 = Release|TwinCAT RT (x86)
		{39B6A072-16E3-4ACF-98FB-7657814E4018}.Debug|TwinCAT CE7 (ARMV7).ActiveCfg = Debug|TwinCAT CE7 (ARMV7)
		{39B6A072-16E3-4ACF-98FB-7657814E4018}.Debug|TwinCAT CE7 (ARMV7).Build.0 = Debug|TwinCAT CE7 (ARMV7)
		{39B6A072-16E3-4ACF-98FB-7657814E4018}.Debug|TwinCAT OS (ARMT2).ActiveCfg = Debug|TwinCAT OS (ARMT2)
		{39B6A072-16E3-4ACF-98FB-7657814E4018}.Debug|TwinCAT OS (ARMT2).Build.0 = Debug|TwinCAT OS (ARMT2)
		{39B6A072-16E3-4ACF-98FB-7657814E4018}.Debug|TwinCAT RT (x64).ActiveCfg = Debug|TwinCAT RT (x64)
		{39B6A072-16E3-4ACF-98FB-7657814E4018}.Debug|TwinCAT RT (x64).Build.0 = Debug|TwinCAT RT (x64)
		{39B6A072-16E3-4ACF-98FB-7657814E4018}.Debug|TwinCAT RT (x86).ActiveCfg = Debug|TwinCAT RT (x86)
		{39B6A072-16E3-4ACF-98FB-7657814E4018}.Debug|TwinCAT RT (x86).Build.0 = Debug|TwinCAT RT (x86)
		{39B6A072-16E3-4ACF-98FB-7657814E4018}.Release|TwinCAT CE7 (ARMV7).ActiveCfg = Release|TwinCAT CE7 (ARMV7)
		{39B6A072-16E3-4ACF-98FB-7657814E4018}.Release|TwinCAT CE7 (ARMV7).Build.0 = Release|TwinCAT CE7 (ARMV7)
		{39B6A072-16E3-4ACF-98FB-7657814E4018}.Release|TwinCAT OS (ARMT2).ActiveCfg = Release|TwinCAT OS (ARMT2)
		{39B6A072-16E3-4ACF-98FB-7657814E4018}.Release|TwinCAT OS (ARMT2).Build.0 = Release|TwinCAT OS (ARMT2)
		{39B6A072-16E3-4ACF-98FB-7657814E4018}.Release|TwinCAT RT (x64).ActiveCfg = Release|TwinCAT RT (x64)
		{39B6A072-16E3-4ACF-98FB-7657814E4018}.Release|TwinCAT RT (x64).Build.0 = Release|TwinCAT RT (x64)
		{39B6A072-16E3-4ACF-98FB-7657814E4018}.Release|TwinCAT RT (x86).ActiveCfg = Release|TwinCAT RT (x86)
		{39B6A072-16E3-4ACF-98FB-7657814E4018}.Release|TwinCAT RT (x86).Build.0 = Release|TwinCAT RT (x86)
		{69408E93-A7FC-45E7-B2FA-ABF32A7A746A}.Debug|TwinCAT CE7 (ARMV7).ActiveCfg = Debug|TwinCAT CE7 (ARMV7)
		{69408E93-A7FC-45E7-B2FA-ABF32A7A746A}.Debug|TwinCAT CE7 (ARMV7).Build.0 = Debug|TwinCAT CE7 (ARMV7)
		{69408E93-A7FC-45E7-B2FA-ABF32A7A746A}.Debug|TwinCAT OS (ARMT2).ActiveCfg = Debug|TwinCAT OS (ARMT2)
		{69408E93-A7FC-45E7-B2FA-ABF32A7A746A}.Debug|TwinCAT OS (ARMT2).Build.0 = Debug|TwinCAT OS (ARMT2)
		{69408E93-A7FC-45E7-B2FA-ABF32A7A746A}.Debug|TwinCAT RT (x64).ActiveCfg = Debug|TwinCAT RT (x64)
		{69408E93-A7FC-45E7-B2FA-ABF32A7A746A}.Debug|TwinCAT RT (x64).Build.0 = Debug|TwinCAT RT (x64)
		{69408E93-A7FC-45E7-B2FA-ABF32A7A746A}.Debug|TwinCAT RT (x86).ActiveCfg = Debug|TwinCAT RT (x86)
		{69408E93-A7FC-45E7-B2FA-ABF32A7A746A}.Debug|TwinCAT RT (x86).Build.0 = Debug|TwinCAT RT (x86)
		{69408E93-A7FC-45E7-B2FA-ABF32A7A746A}.Release|TwinCAT CE7 (ARMV7).ActiveCfg = Release|TwinCAT CE7 (ARMV7)
		{69408E93-A7FC-45E7-B2FA-ABF32A7A746A}.Release|TwinCAT CE7 (ARMV7).Build.0 = Release|TwinCAT CE7 (ARMV7)
		{69408E93-A7FC-45E7-B2FA-ABF32A7A746A}.Release|TwinCAT OS (ARMT2).ActiveCfg = Release|TwinCAT OS (ARMT2)
		{69408E93-A7FC-45E7-B2FA-ABF32A7A746A}.Release|TwinCAT OS (ARMT2).Build.0 = Release|TwinCAT OS (ARMT2)
		{69408E93-A7FC-45E7-B2FA-ABF32A7A746A}.Release|TwinCAT RT (x64).ActiveCfg = Release|TwinCAT RT (x64)
		{69408E93-A7FC-45E7-B2FA-ABF32A7A746A}.Release|TwinCAT RT (x86).ActiveCfg = Release|TwinCAT RT (x86)
		{69408E93-A7FC-45E7-B2FA-ABF32A7A746A}.Release|TwinCAT RT (x86).Build.0 = Release|TwinCAT RT (x86)
		{3E27B830-06CA-4AE4-97D9-1DD752096BA3}.Debug|TwinCAT CE7 (ARMV7).ActiveCfg = Debug|TwinCAT CE7 (ARMV7)
		{3E27B830-06CA-4AE4-97D9-1DD752096BA3}.Debug|TwinCAT CE7 (ARMV7).Build.0 = Debug|TwinCAT CE7 (ARMV7)
		{3E27B830-06CA-4AE4-97D9-1DD752096BA3}.Debug|TwinCAT OS (ARMT2).ActiveCfg = Debug|TwinCAT OS (ARMT2)
		{3E27B830-06CA-4AE4-97D9-1DD752096BA3}.Debug|TwinCAT OS (ARMT2).Build.0 = Debug|TwinCAT OS (ARMT2)
		{3E27B830-06CA-4AE4-97D9-1DD752096BA3}.Debug|TwinCAT RT (x64).ActiveCfg = Debug|TwinCAT RT (x64)
		{3E27B830-06CA-4AE4-97D9-1DD752096BA3}.Debug|TwinCAT RT (x64).Build.0 = Debug|TwinCAT RT (x64)
		{3E27B830-06CA-4AE4-97D9-1DD752096BA3}.Debug|TwinCAT RT (x86).ActiveCfg = Debug|TwinCAT RT (x86)
		{3E27B830-06CA-4AE4-97D9-1DD752096BA3}.Debug|TwinCAT RT (x86).Build.0 = Debug|TwinCAT RT (x86)
		{3E27B830-06CA-4AE4-97D9-1DD752096BA3}.Release|TwinCAT CE7 (ARMV7).ActiveCfg = Release|TwinCAT CE7 (ARMV7)
		{3E27B830-06CA-4AE4-97D9-1DD752096BA3}.Release|TwinCAT CE7 (ARMV7).Build.0 = Release|TwinCAT CE7 (ARMV7)
		{3E27B830-06CA-4AE4-97D9-1DD752096BA3}.Release|TwinCAT OS (ARMT2).ActiveCfg = Release|TwinCAT OS (ARMT2)
		{3E27B830-06CA-4AE4-97D9-1DD752096BA3}.Release|TwinCAT OS (ARMT2).Build.0 = Release|TwinCAT OS (ARMT2)
		{3E27B830-06CA-4AE4-97D9-1DD752096BA3}.Release|TwinCAT RT (x64).ActiveCfg = Release|TwinCAT RT (x64)
		{3E27B830-06CA-4AE4-97D9-1DD752096BA3}.Release|TwinCAT RT (x86).ActiveCfg = Release|TwinCAT RT (x86)
		{3E27B830-06CA-4AE4-97D9-1DD752096BA3}.Release|TwinCAT RT (x86).Build.0 = Release|TwinCAT RT (x86)
	EndGlobalSection
	GlobalSection(SolutionProperties) = preSolution
		HideSolutionNode = FALSE
	EndGlobalSection
	GlobalSection(ExtensibilityGlobals) = postSolution
		SolutionGuid = {7DD99552-7359-4FC9-9EBD-7B3F91EE66B3}
	EndGlobalSection
EndGlobal
